// !$*UTF8*$!
{
	archiveVersion = 1;
	classes = {
	};
	objectVersion = 50;
	objects = {

/* Begin PBXBuildFile section */
		8DFDB9AB2249716F00B2531E /* AppDelegate.swift in Sources */ = {isa = PBXBuildFile; fileRef = 8DFDB9AA2249716F00B2531E /* AppDelegate.swift */; };
		8DFDB9B02249716F00B2531E /* Main.storyboard in Resources */ = {isa = PBXBuildFile; fileRef = 8DFDB9AE2249716F00B2531E /* Main.storyboard */; };
		8DFDB9B22249717100B2531E /* Assets.xcassets in Resources */ = {isa = PBXBuildFile; fileRef = 8DFDB9B12249717100B2531E /* Assets.xcassets */; };
		8DFDB9B52249717100B2531E /* LaunchScreen.storyboard in Resources */ = {isa = PBXBuildFile; fileRef = 8DFDB9B32249717100B2531E /* LaunchScreen.storyboard */; };
		8DFDB9C02249720F00B2531E /* EndpointType.swift in Sources */ = {isa = PBXBuildFile; fileRef = 8DFDB9BF2249720F00B2531E /* EndpointType.swift */; };
		8DFDB9C22249722A00B2531E /* NetworkError.swift in Sources */ = {isa = PBXBuildFile; fileRef = 8DFDB9C12249722A00B2531E /* NetworkError.swift */; };
		8DFDB9C42249724500B2531E /* ParameterEncoding.swift in Sources */ = {isa = PBXBuildFile; fileRef = 8DFDB9C32249724500B2531E /* ParameterEncoding.swift */; };
		8DFDB9C62249726800B2531E /* URLParameterEncoder.swift in Sources */ = {isa = PBXBuildFile; fileRef = 8DFDB9C52249726800B2531E /* URLParameterEncoder.swift */; };
		8DFDB9C82249728800B2531E /* JSONParameterEncoder.swift in Sources */ = {isa = PBXBuildFile; fileRef = 8DFDB9C72249728800B2531E /* JSONParameterEncoder.swift */; };
		8DFDB9CB224972AB00B2531E /* HTTPMethod.swift in Sources */ = {isa = PBXBuildFile; fileRef = 8DFDB9CA224972AB00B2531E /* HTTPMethod.swift */; };
		8DFDB9CD224972C900B2531E /* HTTPTask.swift in Sources */ = {isa = PBXBuildFile; fileRef = 8DFDB9CC224972C900B2531E /* HTTPTask.swift */; };
		8DFDB9CF224972DD00B2531E /* NetworkRouter.swift in Sources */ = {isa = PBXBuildFile; fileRef = 8DFDB9CE224972DD00B2531E /* NetworkRouter.swift */; };
		8DFDB9D1224972F000B2531E /* Router.swift in Sources */ = {isa = PBXBuildFile; fileRef = 8DFDB9D0224972F000B2531E /* Router.swift */; };
/* End PBXBuildFile section */

/* Begin PBXFileReference section */
		8DFDB9A72249716F00B2531E /* StoneYourNetwork.app */ = {isa = PBXFileReference; explicitFileType = wrapper.application; includeInIndex = 0; path = StoneYourNetwork.app; sourceTree = BUILT_PRODUCTS_DIR; };
		8DFDB9AA2249716F00B2531E /* AppDelegate.swift */ = {isa = PBXFileReference; lastKnownFileType = sourcecode.swift; path = AppDelegate.swift; sourceTree = "<group>"; };
		8DFDB9AF2249716F00B2531E /* Base */ = {isa = PBXFileReference; lastKnownFileType = file.storyboard; name = Base; path = Base.lproj/Main.storyboard; sourceTree = "<group>"; };
		8DFDB9B12249717100B2531E /* Assets.xcassets */ = {isa = PBXFileReference; lastKnownFileType = folder.assetcatalog; path = Assets.xcassets; sourceTree = "<group>"; };
		8DFDB9B42249717100B2531E /* Base */ = {isa = PBXFileReference; lastKnownFileType = file.storyboard; name = Base; path = Base.lproj/LaunchScreen.storyboard; sourceTree = "<group>"; };
		8DFDB9B62249717100B2531E /* Info.plist */ = {isa = PBXFileReference; lastKnownFileType = text.plist.xml; path = Info.plist; sourceTree = "<group>"; };
		8DFDB9BF2249720F00B2531E /* EndpointType.swift */ = {isa = PBXFileReference; lastKnownFileType = sourcecode.swift; path = EndpointType.swift; sourceTree = "<group>"; };
		8DFDB9C12249722A00B2531E /* NetworkError.swift */ = {isa = PBXFileReference; lastKnownFileType = sourcecode.swift; path = NetworkError.swift; sourceTree = "<group>"; };
		8DFDB9C32249724500B2531E /* ParameterEncoding.swift */ = {isa = PBXFileReference; lastKnownFileType = sourcecode.swift; path = ParameterEncoding.swift; sourceTree = "<group>"; };
		8DFDB9C52249726800B2531E /* URLParameterEncoder.swift */ = {isa = PBXFileReference; lastKnownFileType = sourcecode.swift; path = URLParameterEncoder.swift; sourceTree = "<group>"; };
		8DFDB9C72249728800B2531E /* JSONParameterEncoder.swift */ = {isa = PBXFileReference; lastKnownFileType = sourcecode.swift; path = JSONParameterEncoder.swift; sourceTree = "<group>"; };
		8DFDB9CA224972AB00B2531E /* HTTPMethod.swift */ = {isa = PBXFileReference; lastKnownFileType = sourcecode.swift; path = HTTPMethod.swift; sourceTree = "<group>"; };
		8DFDB9CC224972C900B2531E /* HTTPTask.swift */ = {isa = PBXFileReference; lastKnownFileType = sourcecode.swift; path = HTTPTask.swift; sourceTree = "<group>"; };
		8DFDB9CE224972DD00B2531E /* NetworkRouter.swift */ = {isa = PBXFileReference; lastKnownFileType = sourcecode.swift; path = NetworkRouter.swift; sourceTree = "<group>"; };
		8DFDB9D0224972F000B2531E /* Router.swift */ = {isa = PBXFileReference; lastKnownFileType = sourcecode.swift; path = Router.swift; sourceTree = "<group>"; };
/* End PBXFileReference section */

/* Begin PBXFrameworksBuildPhase section */
		8DFDB9A42249716F00B2531E /* Frameworks */ = {
			isa = PBXFrameworksBuildPhase;
			buildActionMask = 2147483647;
			files = (
			);
			runOnlyForDeploymentPostprocessing = 0;
		};
/* End PBXFrameworksBuildPhase section */

/* Begin PBXGroup section */
		8DFDB99E2249716F00B2531E = {
			isa = PBXGroup;
			children = (
				8DFDB9A92249716F00B2531E /* StoneYourNetwork */,
				8DFDB9A82249716F00B2531E /* Products */,
			);
			sourceTree = "<group>";
		};
		8DFDB9A82249716F00B2531E /* Products */ = {
			isa = PBXGroup;
			children = (
				8DFDB9A72249716F00B2531E /* StoneYourNetwork.app */,
			);
			name = Products;
			sourceTree = "<group>";
		};
		8DFDB9A92249716F00B2531E /* StoneYourNetwork */ = {
			isa = PBXGroup;
			children = (
				8DFDB9C92249729B00B2531E /* Service */,
				8DFDB9BE224971FB00B2531E /* Endpoint */,
				8DFDB9BD224971D400B2531E /* Encoding */,
				8DFDB9AA2249716F00B2531E /* AppDelegate.swift */,
				8DFDB9BC2249719400B2531E /* Supporting Files */,
			);
			path = StoneYourNetwork;
			sourceTree = "<group>";
		};
		8DFDB9BC2249719400B2531E /* Supporting Files */ = {
			isa = PBXGroup;
			children = (
				8DFDB9B12249717100B2531E /* Assets.xcassets */,
				8DFDB9B32249717100B2531E /* LaunchScreen.storyboard */,
				8DFDB9B62249717100B2531E /* Info.plist */,
				8DFDB9AE2249716F00B2531E /* Main.storyboard */,
			);
			path = "Supporting Files";
			sourceTree = "<group>";
		};
		8DFDB9BD224971D400B2531E /* Encoding */ = {
			isa = PBXGroup;
			children = (
				8DFDB9C12249722A00B2531E /* NetworkError.swift */,
				8DFDB9C72249728800B2531E /* JSONParameterEncoder.swift */,
				8DFDB9C52249726800B2531E /* URLParameterEncoder.swift */,
				8DFDB9C32249724500B2531E /* ParameterEncoding.swift */,
			);
			path = Encoding;
			sourceTree = "<group>";
		};
		8DFDB9BE224971FB00B2531E /* Endpoint */ = {
			isa = PBXGroup;
			children = (
				8DFDB9BF2249720F00B2531E /* EndpointType.swift */,
			);
			path = Endpoint;
			sourceTree = "<group>";
		};
		8DFDB9C92249729B00B2531E /* Service */ = {
			isa = PBXGroup;
			children = (
				8DFDB9CA224972AB00B2531E /* HTTPMethod.swift */,
				8DFDB9CE224972DD00B2531E /* NetworkRouter.swift */,
				8DFDB9D0224972F000B2531E /* Router.swift */,
				8DFDB9CC224972C900B2531E /* HTTPTask.swift */,
			);
			path = Service;
			sourceTree = "<group>";
		};
/* End PBXGroup section */

/* Begin PBXNativeTarget section */
		8DFDB9A62249716F00B2531E /* StoneYourNetwork */ = {
			isa = PBXNativeTarget;
			buildConfigurationList = 8DFDB9B92249717100B2531E /* Build configuration list for PBXNativeTarget "StoneYourNetwork" */;
			buildPhases = (
				8DFDB9A32249716F00B2531E /* Sources */,
				8DFDB9A42249716F00B2531E /* Frameworks */,
				8DFDB9A52249716F00B2531E /* Resources */,
			);
			buildRules = (
			);
			dependencies = (
			);
			name = StoneYourNetwork;
			productName = StoneYourNetwork;
			productReference = 8DFDB9A72249716F00B2531E /* StoneYourNetwork.app */;
			productType = "com.apple.product-type.application";
		};
/* End PBXNativeTarget section */

/* Begin PBXProject section */
		8DFDB99F2249716F00B2531E /* Project object */ = {
			isa = PBXProject;
			attributes = {
				LastSwiftUpdateCheck = 1010;
				LastUpgradeCheck = 1010;
				ORGANIZATIONNAME = "Marcos Vinicius Goncalves Contente";
				TargetAttributes = {
					8DFDB9A62249716F00B2531E = {
						CreatedOnToolsVersion = 10.1;
					};
				};
			};
			buildConfigurationList = 8DFDB9A22249716F00B2531E /* Build configuration list for PBXProject "StoneYourNetwork" */;
			compatibilityVersion = "Xcode 9.3";
			developmentRegion = en;
			hasScannedForEncodings = 0;
			knownRegions = (
				en,
				Base,
			);
			mainGroup = 8DFDB99E2249716F00B2531E;
			productRefGroup = 8DFDB9A82249716F00B2531E /* Products */;
			projectDirPath = "";
			projectRoot = "";
			targets = (
				8DFDB9A62249716F00B2531E /* StoneYourNetwork */,
			);
		};
/* End PBXProject section */

/* Begin PBXResourcesBuildPhase section */
		8DFDB9A52249716F00B2531E /* Resources */ = {
			isa = PBXResourcesBuildPhase;
			buildActionMask = 2147483647;
			files = (
				8DFDB9B52249717100B2531E /* LaunchScreen.storyboard in Resources */,
				8DFDB9B22249717100B2531E /* Assets.xcassets in Resources */,
				8DFDB9B02249716F00B2531E /* Main.storyboard in Resources */,
			);
			runOnlyForDeploymentPostprocessing = 0;
		};
/* End PBXResourcesBuildPhase section */

/* Begin PBXSourcesBuildPhase section */
		8DFDB9A32249716F00B2531E /* Sources */ = {
			isa = PBXSourcesBuildPhase;
			buildActionMask = 2147483647;
			files = (
				8DFDB9C22249722A00B2531E /* NetworkError.swift in Sources */,
				8DFDB9C02249720F00B2531E /* EndpointType.swift in Sources */,
				8DFDB9D1224972F000B2531E /* Router.swift in Sources */,
				8DFDB9CB224972AB00B2531E /* HTTPMethod.swift in Sources */,
				8DFDB9C82249728800B2531E /* JSONParameterEncoder.swift in Sources */,
				8DFDB9CD224972C900B2531E /* HTTPTask.swift in Sources */,
				8DFDB9C42249724500B2531E /* ParameterEncoding.swift in Sources */,
				8DFDB9C62249726800B2531E /* URLParameterEncoder.swift in Sources */,
				8DFDB9AB2249716F00B2531E /* AppDelegate.swift in Sources */,
				8DFDB9CF224972DD00B2531E /* NetworkRouter.swift in Sources */,
			);
			runOnlyForDeploymentPostprocessing = 0;
		};
/* End PBXSourcesBuildPhase section */

/* Begin PBXVariantGroup section */
		8DFDB9AE2249716F00B2531E /* Main.storyboard */ = {
			isa = PBXVariantGroup;
			children = (
				8DFDB9AF2249716F00B2531E /* Base */,
			);
			name = Main.storyboard;
			sourceTree = "<group>";
		};
		8DFDB9B32249717100B2531E /* LaunchScreen.storyboard */ = {
			isa = PBXVariantGroup;
			children = (
				8DFDB9B42249717100B2531E /* Base */,
			);
			name = LaunchScreen.storyboard;
			sourceTree = "<group>";
		};
/* End PBXVariantGroup section */

/* Begin XCBuildConfiguration section */
		8DFDB9B72249717100B2531E /* Debug */ = {
			isa = XCBuildConfiguration;
			buildSettings = {
				ALWAYS_SEARCH_USER_PATHS = NO;
				CLANG_ANALYZER_NONNULL = YES;
				CLANG_ANALYZER_NUMBER_OBJECT_CONVERSION = YES_AGGRESSIVE;
				CLANG_CXX_LANGUAGE_STANDARD = "gnu++14";
				CLANG_CXX_LIBRARY = "libc++";
				CLANG_ENABLE_MODULES = YES;
				CLANG_ENABLE_OBJC_ARC = YES;
				CLANG_ENABLE_OBJC_WEAK = YES;
				CLANG_WARN_BLOCK_CAPTURE_AUTORELEASING = YES;
				CLANG_WARN_BOOL_CONVERSION = YES;
				CLANG_WARN_COMMA = YES;
				CLANG_WARN_CONSTANT_CONVERSION = YES;
				CLANG_WARN_DEPRECATED_OBJC_IMPLEMENTATIONS = YES;
				CLANG_WARN_DIRECT_OBJC_ISA_USAGE = YES_ERROR;
				CLANG_WARN_DOCUMENTATION_COMMENTS = YES;
				CLANG_WARN_EMPTY_BODY = YES;
				CLANG_WARN_ENUM_CONVERSION = YES;
				CLANG_WARN_INFINITE_RECURSION = YES;
				CLANG_WARN_INT_CONVERSION = YES;
				CLANG_WARN_NON_LITERAL_NULL_CONVERSION = YES;
				CLANG_WARN_OBJC_IMPLICIT_RETAIN_SELF = YES;
				CLANG_WARN_OBJC_LITERAL_CONVERSION = YES;
				CLANG_WARN_OBJC_ROOT_CLASS = YES_ERROR;
				CLANG_WARN_RANGE_LOOP_ANALYSIS = YES;
				CLANG_WARN_STRICT_PROTOTYPES = YES;
				CLANG_WARN_SUSPICIOUS_MOVE = YES;
				CLANG_WARN_UNGUARDED_AVAILABILITY = YES_AGGRESSIVE;
				CLANG_WARN_UNREACHABLE_CODE = YES;
				CLANG_WARN__DUPLICATE_METHOD_MATCH = YES;
				CODE_SIGN_IDENTITY = "iPhone Developer";
				COPY_PHASE_STRIP = NO;
				DEBUG_INFORMATION_FORMAT = dwarf;
				ENABLE_STRICT_OBJC_MSGSEND = YES;
				ENABLE_TESTABILITY = YES;
				GCC_C_LANGUAGE_STANDARD = gnu11;
				GCC_DYNAMIC_NO_PIC = NO;
				GCC_NO_COMMON_BLOCKS = YES;
				GCC_OPTIMIZATION_LEVEL = 0;
				GCC_PREPROCESSOR_DEFINITIONS = (
					"DEBUG=1",
					"$(inherited)",
				);
				GCC_WARN_64_TO_32_BIT_CONVERSION = YES;
				GCC_WARN_ABOUT_RETURN_TYPE = YES_ERROR;
				GCC_WARN_UNDECLARED_SELECTOR = YES;
				GCC_WARN_UNINITIALIZED_AUTOS = YES_AGGRESSIVE;
				GCC_WARN_UNUSED_FUNCTION = YES;
				GCC_WARN_UNUSED_VARIABLE = YES;
				IPHONEOS_DEPLOYMENT_TARGET = 12.1;
				MTL_ENABLE_DEBUG_INFO = INCLUDE_SOURCE;
				MTL_FAST_MATH = YES;
				ONLY_ACTIVE_ARCH = YES;
				SDKROOT = iphoneos;
				SWIFT_ACTIVE_COMPILATION_CONDITIONS = DEBUG;
				SWIFT_OPTIMIZATION_LEVEL = "-Onone";
			};
			name = Debug;
		};
		8DFDB9B82249717100B2531E /* Release */ = {
			isa = XCBuildConfiguration;
			buildSettings = {
				ALWAYS_SEARCH_USER_PATHS = NO;
				CLANG_ANALYZER_NONNULL = YES;
				CLANG_ANALYZER_NUMBER_OBJECT_CONVERSION = YES_AGGRESSIVE;
				CLANG_CXX_LANGUAGE_STANDARD = "gnu++14";
				CLANG_CXX_LIBRARY = "libc++";
				CLANG_ENABLE_MODULES = YES;
				CLANG_ENABLE_OBJC_ARC = YES;
				CLANG_ENABLE_OBJC_WEAK = YES;
				CLANG_WARN_BLOCK_CAPTURE_AUTORELEASING = YES;
				CLANG_WARN_BOOL_CONVERSION = YES;
				CLANG_WARN_COMMA = YES;
				CLANG_WARN_CONSTANT_CONVERSION = YES;
				CLANG_WARN_DEPRECATED_OBJC_IMPLEMENTATIONS = YES;
				CLANG_WARN_DIRECT_OBJC_ISA_USAGE = YES_ERROR;
				CLANG_WARN_DOCUMENTATION_COMMENTS = YES;
				CLANG_WARN_EMPTY_BODY = YES;
				CLANG_WARN_ENUM_CONVERSION = YES;
				CLANG_WARN_INFINITE_RECURSION = YES;
				CLANG_WARN_INT_CONVERSION = YES;
				CLANG_WARN_NON_LITERAL_NULL_CONVERSION = YES;
				CLANG_WARN_OBJC_IMPLICIT_RETAIN_SELF = YES;
				CLANG_WARN_OBJC_LITERAL_CONVERSION = YES;
				CLANG_WARN_OBJC_ROOT_CLASS = YES_ERROR;
				CLANG_WARN_RANGE_LOOP_ANALYSIS = YES;
				CLANG_WARN_STRICT_PROTOTYPES = YES;
				CLANG_WARN_SUSPICIOUS_MOVE = YES;
				CLANG_WARN_UNGUARDED_AVAILABILITY = YES_AGGRESSIVE;
				CLANG_WARN_UNREACHABLE_CODE = YES;
				CLANG_WARN__DUPLICATE_METHOD_MATCH = YES;
				CODE_SIGN_IDENTITY = "iPhone Developer";
				COPY_PHASE_STRIP = NO;
				DEBUG_INFORMATION_FORMAT = "dwarf-with-dsym";
				ENABLE_NS_ASSERTIONS = NO;
				ENABLE_STRICT_OBJC_MSGSEND = YES;
				GCC_C_LANGUAGE_STANDARD = gnu11;
				GCC_NO_COMMON_BLOCKS = YES;
				GCC_WARN_64_TO_32_BIT_CONVERSION = YES;
				GCC_WARN_ABOUT_RETURN_TYPE = YES_ERROR;
				GCC_WARN_UNDECLARED_SELECTOR = YES;
				GCC_WARN_UNINITIALIZED_AUTOS = YES_AGGRESSIVE;
				GCC_WARN_UNUSED_FUNCTION = YES;
				GCC_WARN_UNUSED_VARIABLE = YES;
				IPHONEOS_DEPLOYMENT_TARGET = 12.1;
				MTL_ENABLE_DEBUG_INFO = NO;
				MTL_FAST_MATH = YES;
				SDKROOT = iphoneos;
				SWIFT_COMPILATION_MODE = wholemodule;
				SWIFT_OPTIMIZATION_LEVEL = "-O";
				VALIDATE_PRODUCT = YES;
			};
			name = Release;
		};
		8DFDB9BA2249717100B2531E /* Debug */ = {
			isa = XCBuildConfiguration;
			buildSettings = {
				ASSETCATALOG_COMPILER_APPICON_NAME = AppIcon;
				CODE_SIGN_STYLE = Automatic;
				DEVELOPMENT_TEAM = 2H9FF7A6C8;
				INFOPLIST_FILE = "$(SRCROOT)/StoneYourNetwork/Supporting Files/Info.plist";
				LD_RUNPATH_SEARCH_PATHS = (
					"$(inherited)",
					"@executable_path/Frameworks",
				);
				PRODUCT_BUNDLE_IDENTIFIER = stoneyourmarcos.StoneYourNetwork;
				PRODUCT_NAME = "$(TARGET_NAME)";
				SWIFT_VERSION = 4.2;
				TARGETED_DEVICE_FAMILY = "1,2";
			};
			name = Debug;
		};
		8DFDB9BB2249717100B2531E /* Release */ = {
			isa = XCBuildConfiguration;
			buildSettings = {
				ASSETCATALOG_COMPILER_APPICON_NAME = AppIcon;
				CODE_SIGN_STYLE = Automatic;
				DEVELOPMENT_TEAM = 2H9FF7A6C8;
				INFOPLIST_FILE = "$(SRCROOT)/StoneYourNetwork/Supporting Files/Info.plist";
				LD_RUNPATH_SEARCH_PATHS = (
					"$(inherited)",
					"@executable_path/Frameworks",
				);
				PRODUCT_BUNDLE_IDENTIFIER = stoneyourmarcos.StoneYourNetwork;
				PRODUCT_NAME = "$(TARGET_NAME)";
				SWIFT_VERSION = 4.2;
				TARGETED_DEVICE_FAMILY = "1,2";
			};
			name = Release;
		};
/* End XCBuildConfiguration section */

/* Begin XCConfigurationList section */
		8DFDB9A22249716F00B2531E /* Build configuration list for PBXProject "StoneYourNetwork" */ = {
			isa = XCConfigurationList;
			buildConfigurations = (
				8DFDB9B72249717100B2531E /* Debug */,
				8DFDB9B82249717100B2531E /* Release */,
			);
			defaultConfigurationIsVisible = 0;
			defaultConfigurationName = Release;
		};
		8DFDB9B92249717100B2531E /* Build configuration list for PBXNativeTarget "StoneYourNetwork" */ = {
			isa = XCConfigurationList;
			buildConfigurations = (
				8DFDB9BA2249717100B2531E /* Debug */,
				8DFDB9BB2249717100B2531E /* Release */,
			);
			defaultConfigurationIsVisible = 0;
			defaultConfigurationName = Release;
		};
/* End XCConfigurationList section */
	};
	rootObject = 8DFDB99F2249716F00B2531E /* Project object */;
}
